
Microsoft Visual Studio Solution File, Format Version 12.00
# Visual Studio Version 16
VisualStudioVersion = 16.0.31702.278
MinimumVisualStudioVersion = 10.0.40219.1
Project("{FAE04EC0-301F-11D3-BF4B-00C04F79EFBC}") = "PRG282_Project_Group3", "PRG282_Project_Group3.csproj", "{98A7043E-4AA8-4EE5-B2CD-BB018AC28EFD}"
EndProject
Global
	GlobalSection(SolutionConfigurationPlatforms) = preSolution
		Debug|Any CPU = Debug|Any CPU
		Release|Any CPU = Release|Any CPU
	EndGlobalSection
	GlobalSection(ProjectConfigurationPlatforms) = postSolution
		{98A7043E-4AA8-4EE5-B2CD-BB018AC28EFD}.Debug|Any CPU.ActiveCfg = Debug|Any CPU
		{98A7043E-4AA8-4EE5-B2CD-BB018AC28EFD}.Debug|Any CPU.Build.0 = Debug|Any CPU
		{98A7043E-4AA8-4EE5-B2CD-BB018AC28EFD}.Release|Any CPU.ActiveCfg = Release|Any CPU
		{98A7043E-4AA8-4EE5-B2CD-BB018AC28EFD}.Release|Any CPU.Build.0 = Release|Any CPU
	EndGlobalSection
	GlobalSection(SolutionProperties) = preSolution
		HideSolutionNode = FALSE
	EndGlobalSection
	GlobalSection(ExtensibilityGlobals) = postSolution
		SolutionGuid = {36183E55-70D9-404B-8C86-DAF12518F041}
	EndGlobalSection
EndGlobal
